
Microsoft Visual Studio Solution File, Format Version 12.00
# Visual Studio Version 16
VisualStudioVersion = 16.0.32002.261
MinimumVisualStudioVersion = 10.0.40219.1
Project("{FAE04EC0-301F-11D3-BF4B-00C04F79EFBC}") = "GItFun", "GItFun.csproj", "{6E011D1A-3912-4C39-BC7C-2A070F6F3070}"
EndProject
Global
	GlobalSection(SolutionConfigurationPlatforms) = preSolution
		Debug|Any CPU = Debug|Any CPU
		Release|Any CPU = Release|Any CPU
	EndGlobalSection
	GlobalSection(ProjectConfigurationPlatforms) = postSolution
		{6E011D1A-3912-4C39-BC7C-2A070F6F3070}.Debug|Any CPU.ActiveCfg = Debug|Any CPU
		{6E011D1A-3912-4C39-BC7C-2A070F6F3070}.Debug|Any CPU.Build.0 = Debug|Any CPU
		{6E011D1A-3912-4C39-BC7C-2A070F6F3070}.Release|Any CPU.ActiveCfg = Release|Any CPU
		{6E011D1A-3912-4C39-BC7C-2A070F6F3070}.Release|Any CPU.Build.0 = Release|Any CPU
	EndGlobalSection
	GlobalSection(SolutionProperties) = preSolution
		HideSolutionNode = FALSE
	EndGlobalSection
	GlobalSection(ExtensibilityGlobals) = postSolution
		SolutionGuid = {EC6DC3E5-3AF1-4820-BA40-78F3148279AA}
	EndGlobalSection
EndGlobal
